// !$*UTF8*$!
{
	archiveVersion = 1;
	classes = {
	};
	objectVersion = 50;
	objects = {

/* Begin PBXBuildFile section */
		8D540F2A2390E1880023A687 /* AppDelegate.swift in Sources */ = {isa = PBXBuildFile; fileRef = 8D540F292390E1880023A687 /* AppDelegate.swift */; };
		8D540F2C2390E1880023A687 /* SceneDelegate.swift in Sources */ = {isa = PBXBuildFile; fileRef = 8D540F2B2390E1880023A687 /* SceneDelegate.swift */; };
		8D540F2E2390E1880023A687 /* ViewController.swift in Sources */ = {isa = PBXBuildFile; fileRef = 8D540F2D2390E1880023A687 /* ViewController.swift */; };
		8D540F312390E1880023A687 /* Main.storyboard in Resources */ = {isa = PBXBuildFile; fileRef = 8D540F2F2390E1880023A687 /* Main.storyboard */; };
		8D540F332390E18D0023A687 /* Assets.xcassets in Resources */ = {isa = PBXBuildFile; fileRef = 8D540F322390E18D0023A687 /* Assets.xcassets */; };
		8D540F362390E18D0023A687 /* LaunchScreen.storyboard in Resources */ = {isa = PBXBuildFile; fileRef = 8D540F342390E18D0023A687 /* LaunchScreen.storyboard */; };
		8D540F412390E18D0023A687 /* XylophoneTests.swift in Sources */ = {isa = PBXBuildFile; fileRef = 8D540F402390E18D0023A687 /* XylophoneTests.swift */; };
		8D540F4C2390E18D0023A687 /* XylophoneUITests.swift in Sources */ = {isa = PBXBuildFile; fileRef = 8D540F4B2390E18D0023A687 /* XylophoneUITests.swift */; };
/* End PBXBuildFile section */

/* Begin PBXContainerItemProxy section */
		8D540F3D2390E18D0023A687 /* PBXContainerItemProxy */ = {
			isa = PBXContainerItemProxy;
			containerPortal = 8D540F1E2390E1880023A687 /* Project object */;
			proxyType = 1;
			remoteGlobalIDString = 8D540F252390E1880023A687;
			remoteInfo = Xylophone;
		};
		8D540F482390E18D0023A687 /* PBXContainerItemProxy */ = {
			isa = PBXContainerItemProxy;
			containerPortal = 8D540F1E2390E1880023A687 /* Project object */;
			proxyType = 1;
			remoteGlobalIDString = 8D540F252390E1880023A687;
			remoteInfo = Xylophone;
		};
/* End PBXContainerItemProxy section */

/* Begin PBXFileReference section */
		8D540F262390E1880023A687 /* Xylophone.app */ = {isa = PBXFileReference; explicitFileType = wrapper.application; includeInIndex = 0; path = Xylophone.app; sourceTree = BUILT_PRODUCTS_DIR; };
		8D540F292390E1880023A687 /* AppDelegate.swift */ = {isa = PBXFileReference; lastKnownFileType = sourcecode.swift; path = AppDelegate.swift; sourceTree = "<group>"; };
		8D540F2B2390E1880023A687 /* SceneDelegate.swift */ = {isa = PBXFileReference; lastKnownFileType = sourcecode.swift; path = SceneDelegate.swift; sourceTree = "<group>"; };
		8D540F2D2390E1880023A687 /* ViewController.swift */ = {isa = PBXFileReference; lastKnownFileType = sourcecode.swift; path = ViewController.swift; sourceTree = "<group>"; };
		8D540F302390E1880023A687 /* Base */ = {isa = PBXFileReference; lastKnownFileType = file.storyboard; name = Base; path = Base.lproj/Main.storyboard; sourceTree = "<group>"; };
		8D540F322390E18D0023A687 /* Assets.xcassets */ = {isa = PBXFileReference; lastKnownFileType = folder.assetcatalog; path = Assets.xcassets; sourceTree = "<group>"; };
		8D540F352390E18D0023A687 /* Base */ = {isa = PBXFileReference; lastKnownFileType = file.storyboard; name = Base; path = Base.lproj/LaunchScreen.storyboard; sourceTree = "<group>"; };
		8D540F372390E18D0023A687 /* Info.plist */ = {isa = PBXFileReference; lastKnownFileType = text.plist.xml; path = Info.plist; sourceTree = "<group>"; };
		8D540F3C2390E18D0023A687 /* XylophoneTests.xctest */ = {isa = PBXFileReference; explicitFileType = wrapper.cfbundle; includeInIndex = 0; path = XylophoneTests.xctest; sourceTree = BUILT_PRODUCTS_DIR; };
		8D540F402390E18D0023A687 /* XylophoneTests.swift */ = {isa = PBXFileReference; lastKnownFileType = sourcecode.swift; path = XylophoneTests.swift; sourceTree = "<group>"; };
		8D540F422390E18D0023A687 /* Info.plist */ = {isa = PBXFileReference; lastKnownFileType = text.plist.xml; path = Info.plist; sourceTree = "<group>"; };
		8D540F472390E18D0023A687 /* XylophoneUITests.xctest */ = {isa = PBXFileReference; explicitFileType = wrapper.cfbundle; includeInIndex = 0; path = XylophoneUITests.xctest; sourceTree = BUILT_PRODUCTS_DIR; };
		8D540F4B2390E18D0023A687 /* XylophoneUITests.swift */ = {isa = PBXFileReference; lastKnownFileType = sourcecode.swift; path = XylophoneUITests.swift; sourceTree = "<group>"; };
		8D540F4D2390E18D0023A687 /* Info.plist */ = {isa = PBXFileReference; lastKnownFileType = text.plist.xml; path = Info.plist; sourceTree = "<group>"; };
/* End PBXFileReference section */

/* Begin PBXFrameworksBuildPhase section */
		8D540F232390E1880023A687 /* Frameworks */ = {
			isa = PBXFrameworksBuildPhase;
			buildActionMask = 2147483647;
			files = (
			);
			runOnlyForDeploymentPostprocessing = 0;
		};
		8D540F392390E18D0023A687 /* Frameworks */ = {
			isa = PBXFrameworksBuildPhase;
			buildActionMask = 2147483647;
			files = (
			);
			runOnlyForDeploymentPostprocessing = 0;
		};
		8D540F442390E18D0023A687 /* Frameworks */ = {
			isa = PBXFrameworksBuildPhase;
			buildActionMask = 2147483647;
			files = (
			);
			runOnlyForDeploymentPostprocessing = 0;
		};
/* End PBXFrameworksBuildPhase section */

/* Begin PBXGroup section */
		8D540F1D2390E1880023A687 = {
			isa = PBXGroup;
			children = (
				8D540F282390E1880023A687 /* Xylophone */,
				8D540F3F2390E18D0023A687 /* XylophoneTests */,
				8D540F4A2390E18D0023A687 /* XylophoneUITests */,
				8D540F272390E1880023A687 /* Products */,
			);
			sourceTree = "<group>";
		};
		8D540F272390E1880023A687 /* Products */ = {
			isa = PBXGroup;
			children = (
				8D540F262390E1880023A687 /* Xylophone.app */,
				8D540F3C2390E18D0023A687 /* XylophoneTests.xctest */,
				8D540F472390E18D0023A687 /* XylophoneUITests.xctest */,
			);
			name = Products;
			sourceTree = "<group>";
		};
		8D540F282390E1880023A687 /* Xylophone */ = {
			isa = PBXGroup;
			children = (
				8D540F292390E1880023A687 /* AppDelegate.swift */,
				8D540F2B2390E1880023A687 /* SceneDelegate.swift */,
				8D540F2D2390E1880023A687 /* ViewController.swift */,
				8D540F2F2390E1880023A687 /* Main.storyboard */,
				8D540F322390E18D0023A687 /* Assets.xcassets */,
				8D540F342390E18D0023A687 /* LaunchScreen.storyboard */,
				8D540F372390E18D0023A687 /* Info.plist */,
			);
			path = Xylophone;
			sourceTree = "<group>";
		};
		8D540F3F2390E18D0023A687 /* XylophoneTests */ = {
			isa = PBXGroup;
			children = (
				8D540F402390E18D0023A687 /* XylophoneTests.swift */,
				8D540F422390E18D0023A687 /* Info.plist */,
			);
			path = XylophoneTests;
			sourceTree = "<group>";
		};
		8D540F4A2390E18D0023A687 /* XylophoneUITests */ = {
			isa = PBXGroup;
			children = (
				8D540F4B2390E18D0023A687 /* XylophoneUITests.swift */,
				8D540F4D2390E18D0023A687 /* Info.plist */,
			);
			path = XylophoneUITests;
			sourceTree = "<group>";
		};
/* End PBXGroup section */

/* Begin PBXNativeTarget section */
		8D540F252390E1880023A687 /* Xylophone */ = {
			isa = PBXNativeTarget;
			buildConfigurationList = 8D540F502390E18D0023A687 /* Build configuration list for PBXNativeTarget "Xylophone" */;
			buildPhases = (
				8D540F222390E1880023A687 /* Sources */,
				8D540F232390E1880023A687 /* Frameworks */,
				8D540F242390E1880023A687 /* Resources */,
			);
			buildRules = (
			);
			dependencies = (
			);
			name = Xylophone;
			productName = Xylophone;
			productReference = 8D540F262390E1880023A687 /* Xylophone.app */;
			productType = "com.apple.product-type.application";
		};
		8D540F3B2390E18D0023A687 /* XylophoneTests */ = {
			isa = PBXNativeTarget;
			buildConfigurationList = 8D540F532390E18D0023A687 /* Build configuration list for PBXNativeTarget "XylophoneTests" */;
			buildPhases = (
				8D540F382390E18D0023A687 /* Sources */,
				8D540F392390E18D0023A687 /* Frameworks */,
				8D540F3A2390E18D0023A687 /* Resources */,
			);
			buildRules = (
			);
			dependencies = (
				8D540F3E2390E18D0023A687 /* PBXTargetDependency */,
			);
			name = XylophoneTests;
			productName = XylophoneTests;
			productReference = 8D540F3C2390E18D0023A687 /* XylophoneTests.xctest */;
			productType = "com.apple.product-type.bundle.unit-test";
		};
		8D540F462390E18D0023A687 /* XylophoneUITests */ = {
			isa = PBXNativeTarget;
			buildConfigurationList = 8D540F562390E18D0023A687 /* Build configuration list for PBXNativeTarget "XylophoneUITests" */;
			buildPhases = (
				8D540F432390E18D0023A687 /* Sources */,
				8D540F442390E18D0023A687 /* Frameworks */,
				8D540F452390E18D0023A687 /* Resources */,
			);
			buildRules = (
			);
			dependencies = (
				8D540F492390E18D0023A687 /* PBXTargetDependency */,
			);
			name = XylophoneUITests;
			productName = XylophoneUITests;
			productReference = 8D540F472390E18D0023A687 /* XylophoneUITests.xctest */;
			productType = "com.apple.product-type.bundle.ui-testing";
		};
/* End PBXNativeTarget section */

/* Begin PBXProject section */
		8D540F1E2390E1880023A687 /* Project object */ = {
			isa = PBXProject;
			attributes = {
				LastSwiftUpdateCheck = 1120;
				LastUpgradeCheck = 1120;
				ORGANIZATIONNAME = Myph;
				TargetAttributes = {
					8D540F252390E1880023A687 = {
						CreatedOnToolsVersion = 11.2.1;
					};
					8D540F3B2390E18D0023A687 = {
						CreatedOnToolsVersion = 11.2.1;
						TestTargetID = 8D540F252390E1880023A687;
					};
					8D540F462390E18D0023A687 = {
						CreatedOnToolsVersion = 11.2.1;
						TestTargetID = 8D540F252390E1880023A687;
					};
				};
			};
			buildConfigurationList = 8D540F212390E1880023A687 /* Build configuration list for PBXProject "Xylophone" */;
			compatibilityVersion = "Xcode 9.3";
			developmentRegion = en;
			hasScannedForEncodings = 0;
			knownRegions = (
				en,
				Base,
			);
			mainGroup = 8D540F1D2390E1880023A687;
			productRefGroup = 8D540F272390E1880023A687 /* Products */;
			projectDirPath = "";
			projectRoot = "";
			targets = (
				8D540F252390E1880023A687 /* Xylophone */,
				8D540F3B2390E18D0023A687 /* XylophoneTests */,
				8D540F462390E18D0023A687 /* XylophoneUITests */,
			);
		};
/* End PBXProject section */

/* Begin PBXResourcesBuildPhase section */
		8D540F242390E1880023A687 /* Resources */ = {
			isa = PBXResourcesBuildPhase;
			buildActionMask = 2147483647;
			files = (
				8D540F362390E18D0023A687 /* LaunchScreen.storyboard in Resources */,
				8D540F332390E18D0023A687 /* Assets.xcassets in Resources */,
				8D540F312390E1880023A687 /* Main.storyboard in Resources */,
			);
			runOnlyForDeploymentPostprocessing = 0;
		};
		8D540F3A2390E18D0023A687 /* Resources */ = {
			isa = PBXResourcesBuildPhase;
			buildActionMask = 2147483647;
			files = (
			);
			runOnlyForDeploymentPostprocessing = 0;
		};
		8D540F452390E18D0023A687 /* Resources */ = {
			isa = PBXResourcesBuildPhase;
			buildActionMask = 2147483647;
			files = (
			);
			runOnlyForDeploymentPostprocessing = 0;
		};
/* End PBXResourcesBuildPhase section */

/* Begin PBXSourcesBuildPhase section */
		8D540F222390E1880023A687 /* Sources */ = {
			isa = PBXSourcesBuildPhase;
			buildActionMask = 2147483647;
			files = (
				8D540F2E2390E1880023A687 /* ViewController.swift in Sources */,
				8D540F2A2390E1880023A687 /* AppDelegate.swift in Sources */,
				8D540F2C2390E1880023A687 /* SceneDelegate.swift in Sources */,
			);
			runOnlyForDeploymentPostprocessing = 0;
		};
		8D540F382390E18D0023A687 /* Sources */ = {
			isa = PBXSourcesBuildPhase;
			buildActionMask = 2147483647;
			files = (
				8D540F412390E18D0023A687 /* XylophoneTests.swift in Sources */,
			);
			runOnlyForDeploymentPostprocessing = 0;
		};
		8D540F432390E18D0023A687 /* Sources */ = {
			isa = PBXSourcesBuildPhase;
			buildActionMask = 2147483647;
			files = (
				8D540F4C2390E18D0023A687 /* XylophoneUITests.swift in Sources */,
			);
			runOnlyForDeploymentPostprocessing = 0;
		};
/* End PBXSourcesBuildPhase section */

/* Begin PBXTargetDependency section */
		8D540F3E2390E18D0023A687 /* PBXTargetDependency */ = {
			isa = PBXTargetDependency;
			target = 8D540F252390E1880023A687 /* Xylophone */;
			targetProxy = 8D540F3D2390E18D0023A687 /* PBXContainerItemProxy */;
		};
		8D540F492390E18D0023A687 /* PBXTargetDependency */ = {
			isa = PBXTargetDependency;
			target = 8D540F252390E1880023A687 /* Xylophone */;
			targetProxy = 8D540F482390E18D0023A687 /* PBXContainerItemProxy */;
		};
/* End PBXTargetDependency section */

/* Begin PBXVariantGroup section */
		8D540F2F2390E1880023A687 /* Main.storyboard */ = {
			isa = PBXVariantGroup;
			children = (
				8D540F302390E1880023A687 /* Base */,
			);
			name = Main.storyboard;
			sourceTree = "<group>";
		};
		8D540F342390E18D0023A687 /* LaunchScreen.storyboard */ = {
			isa = PBXVariantGroup;
			children = (
				8D540F352390E18D0023A687 /* Base */,
			);
			name = LaunchScreen.storyboard;
			sourceTree = "<group>";
		};
/* End PBXVariantGroup section */

/* Begin XCBuildConfiguration section */
		8D540F4E2390E18D0023A687 /* Debug */ = {
			isa = XCBuildConfiguration;
			buildSettings = {
				ALWAYS_SEARCH_USER_PATHS = NO;
				CLANG_ANALYZER_NONNULL = YES;
				CLANG_ANALYZER_NUMBER_OBJECT_CONVERSION = YES_AGGRESSIVE;
				CLANG_CXX_LANGUAGE_STANDARD = "gnu++14";
				CLANG_CXX_LIBRARY = "libc++";
				CLANG_ENABLE_MODULES = YES;
				CLANG_ENABLE_OBJC_ARC = YES;
				CLANG_ENABLE_OBJC_WEAK = YES;
				CLANG_WARN_BLOCK_CAPTURE_AUTORELEASING = YES;
				CLANG_WARN_BOOL_CONVERSION = YES;
				CLANG_WARN_COMMA = YES;
				CLANG_WARN_CONSTANT_CONVERSION = YES;
				CLANG_WARN_DEPRECATED_OBJC_IMPLEMENTATIONS = YES;
				CLANG_WARN_DIRECT_OBJC_ISA_USAGE = YES_ERROR;
				CLANG_WARN_DOCUMENTATION_COMMENTS = YES;
				CLANG_WARN_EMPTY_BODY = YES;
				CLANG_WARN_ENUM_CONVERSION = YES;
				CLANG_WARN_INFINITE_RECURSION = YES;
				CLANG_WARN_INT_CONVERSION = YES;
				CLANG_WARN_NON_LITERAL_NULL_CONVERSION = YES;
				CLANG_WARN_OBJC_IMPLICIT_RETAIN_SELF = YES;
				CLANG_WARN_OBJC_LITERAL_CONVERSION = YES;
				CLANG_WARN_OBJC_ROOT_CLASS = YES_ERROR;
				CLANG_WARN_RANGE_LOOP_ANALYSIS = YES;
				CLANG_WARN_STRICT_PROTOTYPES = YES;
				CLANG_WARN_SUSPICIOUS_MOVE = YES;
				CLANG_WARN_UNGUARDED_AVAILABILITY = YES_AGGRESSIVE;
				CLANG_WARN_UNREACHABLE_CODE = YES;
				CLANG_WARN__DUPLICATE_METHOD_MATCH = YES;
				COPY_PHASE_STRIP = NO;
				DEBUG_INFORMATION_FORMAT = dwarf;
				ENABLE_STRICT_OBJC_MSGSEND = YES;
				ENABLE_TESTABILITY = YES;
				GCC_C_LANGUAGE_STANDARD = gnu11;
				GCC_DYNAMIC_NO_PIC = NO;
				GCC_NO_COMMON_BLOCKS = YES;
				GCC_OPTIMIZATION_LEVEL = 0;
				GCC_PREPROCESSOR_DEFINITIONS = (
					"DEBUG=1",
					"$(inherited)",
				);
				GCC_WARN_64_TO_32_BIT_CONVERSION = YES;
				GCC_WARN_ABOUT_RETURN_TYPE = YES_ERROR;
				GCC_WARN_UNDECLARED_SELECTOR = YES;
				GCC_WARN_UNINITIALIZED_AUTOS = YES_AGGRESSIVE;
				GCC_WARN_UNUSED_FUNCTION = YES;
				GCC_WARN_UNUSED_VARIABLE = YES;
				IPHONEOS_DEPLOYMENT_TARGET = 13.2;
				MTL_ENABLE_DEBUG_INFO = INCLUDE_SOURCE;
				MTL_FAST_MATH = YES;
				ONLY_ACTIVE_ARCH = YES;
				SDKROOT = iphoneos;
				SWIFT_ACTIVE_COMPILATION_CONDITIONS = DEBUG;
				SWIFT_OPTIMIZATION_LEVEL = "-Onone";
			};
			name = Debug;
		};
		8D540F4F2390E18D0023A687 /* Release */ = {
			isa = XCBuildConfiguration;
			buildSettings = {
				ALWAYS_SEARCH_USER_PATHS = NO;
				CLANG_ANALYZER_NONNULL = YES;
				CLANG_ANALYZER_NUMBER_OBJECT_CONVERSION = YES_AGGRESSIVE;
				CLANG_CXX_LANGUAGE_STANDARD = "gnu++14";
				CLANG_CXX_LIBRARY = "libc++";
				CLANG_ENABLE_MODULES = YES;
				CLANG_ENABLE_OBJC_ARC = YES;
				CLANG_ENABLE_OBJC_WEAK = YES;
				CLANG_WARN_BLOCK_CAPTURE_AUTORELEASING = YES;
				CLANG_WARN_BOOL_CONVERSION = YES;
				CLANG_WARN_COMMA = YES;
				CLANG_WARN_CONSTANT_CONVERSION = YES;
				CLANG_WARN_DEPRECATED_OBJC_IMPLEMENTATIONS = YES;
				CLANG_WARN_DIRECT_OBJC_ISA_USAGE = YES_ERROR;
				CLANG_WARN_DOCUMENTATION_COMMENTS = YES;
				CLANG_WARN_EMPTY_BODY = YES;
				CLANG_WARN_ENUM_CONVERSION = YES;
				CLANG_WARN_INFINITE_RECURSION = YES;
				CLANG_WARN_INT_CONVERSION = YES;
				CLANG_WARN_NON_LITERAL_NULL_CONVERSION = YES;
				CLANG_WARN_OBJC_IMPLICIT_RETAIN_SELF = YES;
				CLANG_WARN_OBJC_LITERAL_CONVERSION = YES;
				CLANG_WARN_OBJC_ROOT_CLASS = YES_ERROR;
				CLANG_WARN_RANGE_LOOP_ANALYSIS = YES;
				CLANG_WARN_STRICT_PROTOTYPES = YES;
				CLANG_WARN_SUSPICIOUS_MOVE = YES;
				CLANG_WARN_UNGUARDED_AVAILABILITY = YES_AGGRESSIVE;
				CLANG_WARN_UNREACHABLE_CODE = YES;
				CLANG_WARN__DUPLICATE_METHOD_MATCH = YES;
				COPY_PHASE_STRIP = NO;
				DEBUG_INFORMATION_FORMAT = "dwarf-with-dsym";
				ENABLE_NS_ASSERTIONS = NO;
				ENABLE_STRICT_OBJC_MSGSEND = YES;
				GCC_C_LANGUAGE_STANDARD = gnu11;
				GCC_NO_COMMON_BLOCKS = YES;
				GCC_WARN_64_TO_32_BIT_CONVERSION = YES;
				GCC_WARN_ABOUT_RETURN_TYPE = YES_ERROR;
				GCC_WARN_UNDECLARED_SELECTOR = YES;
				GCC_WARN_UNINITIALIZED_AUTOS = YES_AGGRESSIVE;
				GCC_WARN_UNUSED_FUNCTION = YES;
				GCC_WARN_UNUSED_VARIABLE = YES;
				IPHONEOS_DEPLOYMENT_TARGET = 13.2;
				MTL_ENABLE_DEBUG_INFO = NO;
				MTL_FAST_MATH = YES;
				SDKROOT = iphoneos;
				SWIFT_COMPILATION_MODE = wholemodule;
				SWIFT_OPTIMIZATION_LEVEL = "-O";
				VALIDATE_PRODUCT = YES;
			};
			name = Release;
		};
		8D540F512390E18D0023A687 /* Debug */ = {
			isa = XCBuildConfiguration;
			buildSettings = {
				ASSETCATALOG_COMPILER_APPICON_NAME = AppIcon;
				CODE_SIGN_STYLE = Automatic;
				INFOPLIST_FILE = Xylophone/Info.plist;
				LD_RUNPATH_SEARCH_PATHS = (
					"$(inherited)",
					"@executable_path/Frameworks",
				);
				PRODUCT_BUNDLE_IDENTIFIER = com.joy.Xylophone;
				PRODUCT_NAME = "$(TARGET_NAME)";
				SWIFT_VERSION = 5.0;
				TARGETED_DEVICE_FAMILY = "1,2";
			};
			name = Debug;
		};
		8D540F522390E18D0023A687 /* Release */ = {
			isa = XCBuildConfiguration;
			buildSettings = {
				ASSETCATALOG_COMPILER_APPICON_NAME = AppIcon;
				CODE_SIGN_STYLE = Automatic;
				INFOPLIST_FILE = Xylophone/Info.plist;
				LD_RUNPATH_SEARCH_PATHS = (
					"$(inherited)",
					"@executable_path/Frameworks",
				);
				PRODUCT_BUNDLE_IDENTIFIER = com.joy.Xylophone;
				PRODUCT_NAME = "$(TARGET_NAME)";
				SWIFT_VERSION = 5.0;
				TARGETED_DEVICE_FAMILY = "1,2";
			};
			name = Release;
		};
		8D540F542390E18D0023A687 /* Debug */ = {
			isa = XCBuildConfiguration;
			buildSettings = {
				ALWAYS_EMBED_SWIFT_STANDARD_LIBRARIES = YES;
				BUNDLE_LOADER = "$(TEST_HOST)";
				CODE_SIGN_STYLE = Automatic;
				INFOPLIST_FILE = XylophoneTests/Info.plist;
				IPHONEOS_DEPLOYMENT_TARGET = 13.2;
				LD_RUNPATH_SEARCH_PATHS = (
					"$(inherited)",
					"@executable_path/Frameworks",
					"@loader_path/Frameworks",
				);
				PRODUCT_BUNDLE_IDENTIFIER = com.joy.XylophoneTests;
				PRODUCT_NAME = "$(TARGET_NAME)";
				SWIFT_VERSION = 5.0;
				TARGETED_DEVICE_FAMILY = "1,2";
				TEST_HOST = "$(BUILT_PRODUCTS_DIR)/Xylophone.app/Xylophone";
			};
			name = Debug;
		};
		8D540F552390E18D0023A687 /* Release */ = {
			isa = XCBuildConfiguration;
			buildSettings = {
				ALWAYS_EMBED_SWIFT_STANDARD_LIBRARIES = YES;
				BUNDLE_LOADER = "$(TEST_HOST)";
				CODE_SIGN_STYLE = Automatic;
				INFOPLIST_FILE = XylophoneTests/Info.plist;
				IPHONEOS_DEPLOYMENT_TARGET = 13.2;
				LD_RUNPATH_SEARCH_PATHS = (
					"$(inherited)",
					"@executable_path/Frameworks",
					"@loader_path/Frameworks",
				);
				PRODUCT_BUNDLE_IDENTIFIER = com.joy.XylophoneTests;
				PRODUCT_NAME = "$(TARGET_NAME)";
				SWIFT_VERSION = 5.0;
				TARGETED_DEVICE_FAMILY = "1,2";
				TEST_HOST = "$(BUILT_PRODUCTS_DIR)/Xylophone.app/Xylophone";
			};
			name = Release;
		};
		8D540F572390E18D0023A687 /* Debug */ = {
			isa = XCBuildConfiguration;
			buildSettings = {
				ALWAYS_EMBED_SWIFT_STANDARD_LIBRARIES = YES;
				CODE_SIGN_STYLE = Automatic;
				INFOPLIST_FILE = XylophoneUITests/Info.plist;
				LD_RUNPATH_SEARCH_PATHS = (
					"$(inherited)",
					"@executable_path/Frameworks",
					"@loader_path/Frameworks",
				);
				PRODUCT_BUNDLE_IDENTIFIER = com.joy.XylophoneUITests;
				PRODUCT_NAME = "$(TARGET_NAME)";
				SWIFT_VERSION = 5.0;
				TARGETED_DEVICE_FAMILY = "1,2";
				TEST_TARGET_NAME = Xylophone;
			};
			name = Debug;
		};
		8D540F582390E18D0023A687 /* Release */ = {
			isa = XCBuildConfiguration;
			buildSettings = {
				ALWAYS_EMBED_SWIFT_STANDARD_LIBRARIES = YES;
				CODE_SIGN_STYLE = Automatic;
				INFOPLIST_FILE = XylophoneUITests/Info.plist;
				LD_RUNPATH_SEARCH_PATHS = (
					"$(inherited)",
					"@executable_path/Frameworks",
					"@loader_path/Frameworks",
				);
				PRODUCT_BUNDLE_IDENTIFIER = com.joy.XylophoneUITests;
				PRODUCT_NAME = "$(TARGET_NAME)";
				SWIFT_VERSION = 5.0;
				TARGETED_DEVICE_FAMILY = "1,2";
				TEST_TARGET_NAME = Xylophone;
			};
			name = Release;
		};
/* End XCBuildConfiguration section */

/* Begin XCConfigurationList section */
		8D540F212390E1880023A687 /* Build configuration list for PBXProject "Xylophone" */ = {
			isa = XCConfigurationList;
			buildConfigurations = (
				8D540F4E2390E18D0023A687 /* Debug */,
				8D540F4F2390E18D0023A687 /* Release */,
			);
			defaultConfigurationIsVisible = 0;
			defaultConfigurationName = Release;
		};
		8D540F502390E18D0023A687 /* Build configuration list for PBXNativeTarget "Xylophone" */ = {
			isa = XCConfigurationList;
			buildConfigurations = (
				8D540F512390E18D0023A687 /* Debug */,
				8D540F522390E18D0023A687 /* Release */,
			);
			defaultConfigurationIsVisible = 0;
			defaultConfigurationName = Release;
		};
		8D540F532390E18D0023A687 /* Build configuration list for PBXNativeTarget "XylophoneTests" */ = {
			isa = XCConfigurationList;
			buildConfigurations = (
				8D540F542390E18D0023A687 /* Debug */,
				8D540F552390E18D0023A687 /* Release */,
			);
			defaultConfigurationIsVisible = 0;
			defaultConfigurationName = Release;
		};
		8D540F562390E18D0023A687 /* Build configuration list for PBXNativeTarget "XylophoneUITests" */ = {
			isa = XCConfigurationList;
			buildConfigurations = (
				8D540F572390E18D0023A687 /* Debug */,
				8D540F582390E18D0023A687 /* Release */,
			);
			defaultConfigurationIsVisible = 0;
			defaultConfigurationName = Release;
		};
/* End XCConfigurationList section */
	};
	rootObject = 8D540F1E2390E1880023A687 /* Project object */;
}
